// !$*UTF8*$!
{
	archiveVersion = 1;
	classes = {
	};
	objectVersion = 52;
	objects = {

/* Begin PBXBuildFile section */
		6CAD32D6271C3F4D00BD74D3 /* RadioPlayerApp.swift in Sources */ = {isa = PBXBuildFile; fileRef = 6CAD32D5271C3F4D00BD74D3 /* RadioPlayerApp.swift */; };
		6CAD32D8271C3F4D00BD74D3 /* ContentView.swift in Sources */ = {isa = PBXBuildFile; fileRef = 6CAD32D7271C3F4D00BD74D3 /* ContentView.swift */; };
		6CAD32DA271C3F4F00BD74D3 /* Assets.xcassets in Resources */ = {isa = PBXBuildFile; fileRef = 6CAD32D9271C3F4F00BD74D3 /* Assets.xcassets */; };
		6CAD32DD271C3F4F00BD74D3 /* Preview Assets.xcassets in Resources */ = {isa = PBXBuildFile; fileRef = 6CAD32DC271C3F4F00BD74D3 /* Preview Assets.xcassets */; };
		6CAD32EE271C48FE00BD74D3 /* Kingfisher in Frameworks */ = {isa = PBXBuildFile; productRef = 6CAD32ED271C48FE00BD74D3 /* Kingfisher */; };
		6CAD32F2271C4FD200BD74D3 /* RadioListView.swift in Sources */ = {isa = PBXBuildFile; fileRef = 6CAD32F1271C4FD200BD74D3 /* RadioListView.swift */; };
		6CAD32F5271C506C00BD74D3 /* RadioModel.swift in Sources */ = {isa = PBXBuildFile; fileRef = 6CAD32F4271C506C00BD74D3 /* RadioModel.swift */; };
		6CAD32F7271C520400BD74D3 /* InfoPanelView.swift in Sources */ = {isa = PBXBuildFile; fileRef = 6CAD32F6271C520400BD74D3 /* InfoPanelView.swift */; };
		6CAD32F9271C521D00BD74D3 /* VisualEffectView.swift in Sources */ = {isa = PBXBuildFile; fileRef = 6CAD32F8271C521D00BD74D3 /* VisualEffectView.swift */; };
		6CAD32FB271C524200BD74D3 /* NowPlayingView.swift in Sources */ = {isa = PBXBuildFile; fileRef = 6CAD32FA271C524200BD74D3 /* NowPlayingView.swift */; };
		6CAD32FF271C603700BD74D3 /* RadioPlayer.swift in Sources */ = {isa = PBXBuildFile; fileRef = 6CAD32FE271C603700BD74D3 /* RadioPlayer.swift */; };
		6CB0CF34271CC7800006328D /* AppDelegate.swift in Sources */ = {isa = PBXBuildFile; fileRef = 6CB0CF33271CC7800006328D /* AppDelegate.swift */; };
/* End PBXBuildFile section */

/* Begin PBXFileReference section */
		6CAD32D2271C3F4D00BD74D3 /* RadioPlayer.app */ = {isa = PBXFileReference; explicitFileType = wrapper.application; includeInIndex = 0; path = RadioPlayer.app; sourceTree = BUILT_PRODUCTS_DIR; };
		6CAD32D5271C3F4D00BD74D3 /* RadioPlayerApp.swift */ = {isa = PBXFileReference; lastKnownFileType = sourcecode.swift; path = RadioPlayerApp.swift; sourceTree = "<group>"; };
		6CAD32D7271C3F4D00BD74D3 /* ContentView.swift */ = {isa = PBXFileReference; lastKnownFileType = sourcecode.swift; path = ContentView.swift; sourceTree = "<group>"; };
		6CAD32D9271C3F4F00BD74D3 /* Assets.xcassets */ = {isa = PBXFileReference; lastKnownFileType = folder.assetcatalog; path = Assets.xcassets; sourceTree = "<group>"; };
		6CAD32DC271C3F4F00BD74D3 /* Preview Assets.xcassets */ = {isa = PBXFileReference; lastKnownFileType = folder.assetcatalog; path = "Preview Assets.xcassets"; sourceTree = "<group>"; };
		6CAD32DE271C3F4F00BD74D3 /* Info.plist */ = {isa = PBXFileReference; lastKnownFileType = text.plist.xml; path = Info.plist; sourceTree = "<group>"; };
		6CAD32F1271C4FD200BD74D3 /* RadioListView.swift */ = {isa = PBXFileReference; lastKnownFileType = sourcecode.swift; path = RadioListView.swift; sourceTree = "<group>"; };
		6CAD32F4271C506C00BD74D3 /* RadioModel.swift */ = {isa = PBXFileReference; lastKnownFileType = sourcecode.swift; path = RadioModel.swift; sourceTree = "<group>"; };
		6CAD32F6271C520400BD74D3 /* InfoPanelView.swift */ = {isa = PBXFileReference; lastKnownFileType = sourcecode.swift; path = InfoPanelView.swift; sourceTree = "<group>"; };
		6CAD32F8271C521D00BD74D3 /* VisualEffectView.swift */ = {isa = PBXFileReference; lastKnownFileType = sourcecode.swift; path = VisualEffectView.swift; sourceTree = "<group>"; };
		6CAD32FA271C524200BD74D3 /* NowPlayingView.swift */ = {isa = PBXFileReference; lastKnownFileType = sourcecode.swift; path = NowPlayingView.swift; sourceTree = "<group>"; };
		6CAD32FE271C603700BD74D3 /* RadioPlayer.swift */ = {isa = PBXFileReference; lastKnownFileType = sourcecode.swift; path = RadioPlayer.swift; sourceTree = "<group>"; };
		6CB0CF33271CC7800006328D /* AppDelegate.swift */ = {isa = PBXFileReference; lastKnownFileType = sourcecode.swift; path = AppDelegate.swift; sourceTree = "<group>"; };
/* End PBXFileReference section */

/* Begin PBXFrameworksBuildPhase section */
		6CAD32CF271C3F4D00BD74D3 /* Frameworks */ = {
			isa = PBXFrameworksBuildPhase;
			buildActionMask = 2147483647;
			files = (
				6CAD32EE271C48FE00BD74D3 /* Kingfisher in Frameworks */,
			);
			runOnlyForDeploymentPostprocessing = 0;
		};
/* End PBXFrameworksBuildPhase section */

/* Begin PBXGroup section */
		6CAD32C9271C3F4D00BD74D3 = {
			isa = PBXGroup;
			children = (
				6CAD32D4271C3F4D00BD74D3 /* RadioPlayer */,
				6CAD32D3271C3F4D00BD74D3 /* Products */,
				6CAD32EA271C48E800BD74D3 /* Frameworks */,
			);
			sourceTree = "<group>";
		};
		6CAD32D3271C3F4D00BD74D3 /* Products */ = {
			isa = PBXGroup;
			children = (
				6CAD32D2271C3F4D00BD74D3 /* RadioPlayer.app */,
			);
			name = Products;
			sourceTree = "<group>";
		};
		6CAD32D4271C3F4D00BD74D3 /* RadioPlayer */ = {
			isa = PBXGroup;
			children = (
				6CAD32F3271C506000BD74D3 /* Model */,
				6CAD32F0271C4FC200BD74D3 /* View */,
				6CAD32D5271C3F4D00BD74D3 /* RadioPlayerApp.swift */,
				6CAD32D7271C3F4D00BD74D3 /* ContentView.swift */,
				6CAD32D9271C3F4F00BD74D3 /* Assets.xcassets */,
				6CAD32DE271C3F4F00BD74D3 /* Info.plist */,
				6CAD32DB271C3F4F00BD74D3 /* Preview Content */,
				6CAD32FE271C603700BD74D3 /* RadioPlayer.swift */,
				6CB0CF33271CC7800006328D /* AppDelegate.swift */,
			);
			path = RadioPlayer;
			sourceTree = "<group>";
		};
		6CAD32DB271C3F4F00BD74D3 /* Preview Content */ = {
			isa = PBXGroup;
			children = (
				6CAD32DC271C3F4F00BD74D3 /* Preview Assets.xcassets */,
			);
			path = "Preview Content";
			sourceTree = "<group>";
		};
		6CAD32EA271C48E800BD74D3 /* Frameworks */ = {
			isa = PBXGroup;
			children = (
			);
			name = Frameworks;
			sourceTree = "<group>";
		};
		6CAD32F0271C4FC200BD74D3 /* View */ = {
			isa = PBXGroup;
			children = (
				6CAD32F1271C4FD200BD74D3 /* RadioListView.swift */,
				6CAD32F6271C520400BD74D3 /* InfoPanelView.swift */,
				6CAD32F8271C521D00BD74D3 /* VisualEffectView.swift */,
				6CAD32FA271C524200BD74D3 /* NowPlayingView.swift */,
			);
			path = View;
			sourceTree = "<group>";
		};
		6CAD32F3271C506000BD74D3 /* Model */ = {
			isa = PBXGroup;
			children = (
				6CAD32F4271C506C00BD74D3 /* RadioModel.swift */,
			);
			path = Model;
			sourceTree = "<group>";
		};
/* End PBXGroup section */

/* Begin PBXNativeTarget section */
		6CAD32D1271C3F4D00BD74D3 /* RadioPlayer */ = {
			isa = PBXNativeTarget;
			buildConfigurationList = 6CAD32E1271C3F4F00BD74D3 /* Build configuration list for PBXNativeTarget "RadioPlayer" */;
			buildPhases = (
				6CAD32CE271C3F4D00BD74D3 /* Sources */,
				6CAD32CF271C3F4D00BD74D3 /* Frameworks */,
				6CAD32D0271C3F4D00BD74D3 /* Resources */,
			);
			buildRules = (
			);
			dependencies = (
			);
			name = RadioPlayer;
			packageProductDependencies = (
				6CAD32ED271C48FE00BD74D3 /* Kingfisher */,
			);
			productName = RadioPlayer;
			productReference = 6CAD32D2271C3F4D00BD74D3 /* RadioPlayer.app */;
			productType = "com.apple.product-type.application";
		};
/* End PBXNativeTarget section */

/* Begin PBXProject section */
		6CAD32CA271C3F4D00BD74D3 /* Project object */ = {
			isa = PBXProject;
			attributes = {
				LastSwiftUpdateCheck = 1250;
				LastUpgradeCheck = 1250;
				TargetAttributes = {
					6CAD32D1271C3F4D00BD74D3 = {
						CreatedOnToolsVersion = 12.5;
					};
				};
			};
			buildConfigurationList = 6CAD32CD271C3F4D00BD74D3 /* Build configuration list for PBXProject "RadioPlayer" */;
			compatibilityVersion = "Xcode 9.3";
			developmentRegion = en;
			hasScannedForEncodings = 0;
			knownRegions = (
				en,
				Base,
			);
			mainGroup = 6CAD32C9271C3F4D00BD74D3;
			packageReferences = (
				6CAD32E7271C487400BD74D3 /* XCRemoteSwiftPackageReference "Kingfisher" */,
			);
			productRefGroup = 6CAD32D3271C3F4D00BD74D3 /* Products */;
			projectDirPath = "";
			projectRoot = "";
			targets = (
				6CAD32D1271C3F4D00BD74D3 /* RadioPlayer */,
			);
		};
/* End PBXProject section */

/* Begin PBXResourcesBuildPhase section */
		6CAD32D0271C3F4D00BD74D3 /* Resources */ = {
			isa = PBXResourcesBuildPhase;
			buildActionMask = 2147483647;
			files = (
				6CAD32DD271C3F4F00BD74D3 /* Preview Assets.xcassets in Resources */,
				6CAD32DA271C3F4F00BD74D3 /* Assets.xcassets in Resources */,
			);
			runOnlyForDeploymentPostprocessing = 0;
		};
/* End PBXResourcesBuildPhase section */

/* Begin PBXSourcesBuildPhase section */
		6CAD32CE271C3F4D00BD74D3 /* Sources */ = {
			isa = PBXSourcesBuildPhase;
			buildActionMask = 2147483647;
			files = (
				6CAD32D8271C3F4D00BD74D3 /* ContentView.swift in Sources */,
				6CAD32F5271C506C00BD74D3 /* RadioModel.swift in Sources */,
				6CAD32D6271C3F4D00BD74D3 /* RadioPlayerApp.swift in Sources */,
				6CB0CF34271CC7800006328D /* AppDelegate.swift in Sources */,
				6CAD32F2271C4FD200BD74D3 /* RadioListView.swift in Sources */,
				6CAD32F7271C520400BD74D3 /* InfoPanelView.swift in Sources */,
				6CAD32FF271C603700BD74D3 /* RadioPlayer.swift in Sources */,
				6CAD32FB271C524200BD74D3 /* NowPlayingView.swift in Sources */,
				6CAD32F9271C521D00BD74D3 /* VisualEffectView.swift in Sources */,
			);
			runOnlyForDeploymentPostprocessing = 0;
		};
/* End PBXSourcesBuildPhase section */

/* Begin XCBuildConfiguration section */
		6CAD32DF271C3F4F00BD74D3 /* Debug */ = {
			isa = XCBuildConfiguration;
			buildSettings = {
				ALWAYS_SEARCH_USER_PATHS = NO;
				CLANG_ANALYZER_NONNULL = YES;
				CLANG_ANALYZER_NUMBER_OBJECT_CONVERSION = YES_AGGRESSIVE;
				CLANG_CXX_LANGUAGE_STANDARD = "gnu++14";
				CLANG_CXX_LIBRARY = "libc++";
				CLANG_ENABLE_MODULES = YES;
				CLANG_ENABLE_OBJC_ARC = YES;
				CLANG_ENABLE_OBJC_WEAK = YES;
				CLANG_WARN_BLOCK_CAPTURE_AUTORELEASING = YES;
				CLANG_WARN_BOOL_CONVERSION = YES;
				CLANG_WARN_COMMA = YES;
				CLANG_WARN_CONSTANT_CONVERSION = YES;
				CLANG_WARN_DEPRECATED_OBJC_IMPLEMENTATIONS = YES;
				CLANG_WARN_DIRECT_OBJC_ISA_USAGE = YES_ERROR;
				CLANG_WARN_DOCUMENTATION_COMMENTS = YES;
				CLANG_WARN_EMPTY_BODY = YES;
				CLANG_WARN_ENUM_CONVERSION = YES;
				CLANG_WARN_INFINITE_RECURSION = YES;
				CLANG_WARN_INT_CONVERSION = YES;
				CLANG_WARN_NON_LITERAL_NULL_CONVERSION = YES;
				CLANG_WARN_OBJC_IMPLICIT_RETAIN_SELF = YES;
				CLANG_WARN_OBJC_LITERAL_CONVERSION = YES;
				CLANG_WARN_OBJC_ROOT_CLASS = YES_ERROR;
				CLANG_WARN_QUOTED_INCLUDE_IN_FRAMEWORK_HEADER = YES;
				CLANG_WARN_RANGE_LOOP_ANALYSIS = YES;
				CLANG_WARN_STRICT_PROTOTYPES = YES;
				CLANG_WARN_SUSPICIOUS_MOVE = YES;
				CLANG_WARN_UNGUARDED_AVAILABILITY = YES_AGGRESSIVE;
				CLANG_WARN_UNREACHABLE_CODE = YES;
				CLANG_WARN__DUPLICATE_METHOD_MATCH = YES;
				COPY_PHASE_STRIP = NO;
				DEBUG_INFORMATION_FORMAT = dwarf;
				ENABLE_STRICT_OBJC_MSGSEND = YES;
				ENABLE_TESTABILITY = YES;
				GCC_C_LANGUAGE_STANDARD = gnu11;
				GCC_DYNAMIC_NO_PIC = NO;
				GCC_NO_COMMON_BLOCKS = YES;
				GCC_OPTIMIZATION_LEVEL = 0;
				GCC_PREPROCESSOR_DEFINITIONS = (
					"DEBUG=1",
					"$(inherited)",
				);
				GCC_WARN_64_TO_32_BIT_CONVERSION = YES;
				GCC_WARN_ABOUT_RETURN_TYPE = YES_ERROR;
				GCC_WARN_UNDECLARED_SELECTOR = YES;
				GCC_WARN_UNINITIALIZED_AUTOS = YES_AGGRESSIVE;
				GCC_WARN_UNUSED_FUNCTION = YES;
				GCC_WARN_UNUSED_VARIABLE = YES;
				IPHONEOS_DEPLOYMENT_TARGET = 14.5;
				MTL_ENABLE_DEBUG_INFO = INCLUDE_SOURCE;
				MTL_FAST_MATH = YES;
				ONLY_ACTIVE_ARCH = YES;
				SDKROOT = iphoneos;
				SWIFT_ACTIVE_COMPILATION_CONDITIONS = DEBUG;
				SWIFT_OPTIMIZATION_LEVEL = "-Onone";
			};
			name = Debug;
		};
		6CAD32E0271C3F4F00BD74D3 /* Release */ = {
			isa = XCBuildConfiguration;
			buildSettings = {
				ALWAYS_SEARCH_USER_PATHS = NO;
				CLANG_ANALYZER_NONNULL = YES;
				CLANG_ANALYZER_NUMBER_OBJECT_CONVERSION = YES_AGGRESSIVE;
				CLANG_CXX_LANGUAGE_STANDARD = "gnu++14";
				CLANG_CXX_LIBRARY = "libc++";
				CLANG_ENABLE_MODULES = YES;
				CLANG_ENABLE_OBJC_ARC = YES;
				CLANG_ENABLE_OBJC_WEAK = YES;
				CLANG_WARN_BLOCK_CAPTURE_AUTORELEASING = YES;
				CLANG_WARN_BOOL_CONVERSION = YES;
				CLANG_WARN_COMMA = YES;
				CLANG_WARN_CONSTANT_CONVERSION = YES;
				CLANG_WARN_DEPRECATED_OBJC_IMPLEMENTATIONS = YES;
				CLANG_WARN_DIRECT_OBJC_ISA_USAGE = YES_ERROR;
				CLANG_WARN_DOCUMENTATION_COMMENTS = YES;
				CLANG_WARN_EMPTY_BODY = YES;
				CLANG_WARN_ENUM_CONVERSION = YES;
				CLANG_WARN_INFINITE_RECURSION = YES;
				CLANG_WARN_INT_CONVERSION = YES;
				CLANG_WARN_NON_LITERAL_NULL_CONVERSION = YES;
				CLANG_WARN_OBJC_IMPLICIT_RETAIN_SELF = YES;
				CLANG_WARN_OBJC_LITERAL_CONVERSION = YES;
				CLANG_WARN_OBJC_ROOT_CLASS = YES_ERROR;
				CLANG_WARN_QUOTED_INCLUDE_IN_FRAMEWORK_HEADER = YES;
				CLANG_WARN_RANGE_LOOP_ANALYSIS = YES;
				CLANG_WARN_STRICT_PROTOTYPES = YES;
				CLANG_WARN_SUSPICIOUS_MOVE = YES;
				CLANG_WARN_UNGUARDED_AVAILABILITY = YES_AGGRESSIVE;
				CLANG_WARN_UNREACHABLE_CODE = YES;
				CLANG_WARN__DUPLICATE_METHOD_MATCH = YES;
				COPY_PHASE_STRIP = NO;
				DEBUG_INFORMATION_FORMAT = "dwarf-with-dsym";
				ENABLE_NS_ASSERTIONS = NO;
				ENABLE_STRICT_OBJC_MSGSEND = YES;
				GCC_C_LANGUAGE_STANDARD = gnu11;
				GCC_NO_COMMON_BLOCKS = YES;
				GCC_WARN_64_TO_32_BIT_CONVERSION = YES;
				GCC_WARN_ABOUT_RETURN_TYPE = YES_ERROR;
				GCC_WARN_UNDECLARED_SELECTOR = YES;
				GCC_WARN_UNINITIALIZED_AUTOS = YES_AGGRESSIVE;
				GCC_WARN_UNUSED_FUNCTION = YES;
				GCC_WARN_UNUSED_VARIABLE = YES;
				IPHONEOS_DEPLOYMENT_TARGET = 14.5;
				MTL_ENABLE_DEBUG_INFO = NO;
				MTL_FAST_MATH = YES;
				SDKROOT = iphoneos;
				SWIFT_COMPILATION_MODE = wholemodule;
				SWIFT_OPTIMIZATION_LEVEL = "-O";
				VALIDATE_PRODUCT = YES;
			};
			name = Release;
		};
		6CAD32E2271C3F4F00BD74D3 /* Debug */ = {
			isa = XCBuildConfiguration;
			buildSettings = {
				ASSETCATALOG_COMPILER_APPICON_NAME = AppIcon;
				ASSETCATALOG_COMPILER_GLOBAL_ACCENT_COLOR_NAME = AccentColor;
				CODE_SIGN_STYLE = Automatic;
				DEVELOPMENT_ASSET_PATHS = "\"RadioPlayer/Preview Content\"";
				DEVELOPMENT_TEAM = "";
				ENABLE_PREVIEWS = YES;
				INFOPLIST_FILE = RadioPlayer/Info.plist;
				IPHONEOS_DEPLOYMENT_TARGET = 14.0;
				LD_RUNPATH_SEARCH_PATHS = (
					"$(inherited)",
					"@executable_path/Frameworks",
				);
				PRODUCT_BUNDLE_IDENTIFIER = com.ademfurkan.RadioPlayer;
				PRODUCT_NAME = "$(TARGET_NAME)";
				SWIFT_VERSION = 5.0;
				TARGETED_DEVICE_FAMILY = "1,2";
			};
			name = Debug;
		};
		6CAD32E3271C3F4F00BD74D3 /* Release */ = {
			isa = XCBuildConfiguration;
			buildSettings = {
				ASSETCATALOG_COMPILER_APPICON_NAME = AppIcon;
				ASSETCATALOG_COMPILER_GLOBAL_ACCENT_COLOR_NAME = AccentColor;
				CODE_SIGN_STYLE = Automatic;
				DEVELOPMENT_ASSET_PATHS = "\"RadioPlayer/Preview Content\"";
				DEVELOPMENT_TEAM = "";
				ENABLE_PREVIEWS = YES;
				INFOPLIST_FILE = RadioPlayer/Info.plist;
				IPHONEOS_DEPLOYMENT_TARGET = 14.0;
				LD_RUNPATH_SEARCH_PATHS = (
					"$(inherited)",
					"@executable_path/Frameworks",
				);
				PRODUCT_BUNDLE_IDENTIFIER = com.ademfurkan.RadioPlayer;
				PRODUCT_NAME = "$(TARGET_NAME)";
				SWIFT_VERSION = 5.0;
				TARGETED_DEVICE_FAMILY = "1,2";
			};
			name = Release;
		};
/* End XCBuildConfiguration section */

/* Begin XCConfigurationList section */
		6CAD32CD271C3F4D00BD74D3 /* Build configuration list for PBXProject "RadioPlayer" */ = {
			isa = XCConfigurationList;
			buildConfigurations = (
				6CAD32DF271C3F4F00BD74D3 /* Debug */,
				6CAD32E0271C3F4F00BD74D3 /* Release */,
			);
			defaultConfigurationIsVisible = 0;
			defaultConfigurationName = Release;
		};
		6CAD32E1271C3F4F00BD74D3 /* Build configuration list for PBXNativeTarget "RadioPlayer" */ = {
			isa = XCConfigurationList;
			buildConfigurations = (
				6CAD32E2271C3F4F00BD74D3 /* Debug */,
				6CAD32E3271C3F4F00BD74D3 /* Release */,
			);
			defaultConfigurationIsVisible = 0;
			defaultConfigurationName = Release;
		};
/* End XCConfigurationList section */

/* Begin XCRemoteSwiftPackageReference section */
		6CAD32E7271C487400BD74D3 /* XCRemoteSwiftPackageReference "Kingfisher" */ = {
			isa = XCRemoteSwiftPackageReference;
			repositoryURL = "https://github.com/onevcat/Kingfisher.git";
			requirement = {
				kind = upToNextMajorVersion;
				minimumVersion = 7.1.1;
			};
		};
/* End XCRemoteSwiftPackageReference section */

/* Begin XCSwiftPackageProductDependency section */
		6CAD32ED271C48FE00BD74D3 /* Kingfisher */ = {
			isa = XCSwiftPackageProductDependency;
			package = 6CAD32E7271C487400BD74D3 /* XCRemoteSwiftPackageReference "Kingfisher" */;
			productName = Kingfisher;
		};
/* End XCSwiftPackageProductDependency section */
	};
	rootObject = 6CAD32CA271C3F4D00BD74D3 /* Project object */;
}
